
Microsoft Visual Studio Solution File, Format Version 12.00
# Visual Studio 15
VisualStudioVersion = 15.0.28307.1062
MinimumVisualStudioVersion = 10.0.40219.1
Project("{FAE04EC0-301F-11D3-BF4B-00C04F79EFBC}") = "DioklecijanovaLegija", "DioklecijanovaLegija\DioklecijanovaLegija.csproj", "{2EB0585A-4F5B-46DC-9EE8-A7E0E6E12FCC}"
EndProject
Global
	GlobalSection(SolutionConfigurationPlatforms) = preSolution
		Debug|Any CPU = Debug|Any CPU
		Release|Any CPU = Release|Any CPU
	EndGlobalSection
	GlobalSection(ProjectConfigurationPlatforms) = postSolution
		{2EB0585A-4F5B-46DC-9EE8-A7E0E6E12FCC}.Debug|Any CPU.ActiveCfg = Debug|Any CPU
		{2EB0585A-4F5B-46DC-9EE8-A7E0E6E12FCC}.Debug|Any CPU.Build.0 = Debug|Any CPU
		{2EB0585A-4F5B-46DC-9EE8-A7E0E6E12FCC}.Release|Any CPU.ActiveCfg = Release|Any CPU
		{2EB0585A-4F5B-46DC-9EE8-A7E0E6E12FCC}.Release|Any CPU.Build.0 = Release|Any CPU
	EndGlobalSection
	GlobalSection(SolutionProperties) = preSolution
		HideSolutionNode = FALSE
	EndGlobalSection
	GlobalSection(ExtensibilityGlobals) = postSolution
		SolutionGuid = {794CA4DA-4CA5-4F57-BAF8-BA5F865EF073}
	EndGlobalSection
EndGlobal
